{
  "version": 4,
  "terraform_version": "0.12.23",
  "serial": 1,
  "lineage": "e38432ba-740c-c155-2d0d-ed78c9ad9e1b",
  "outputs": {},
  "resources": [
    {
      "mode": "managed",
      "type": "docker_image",
      "name": "image_id",
      "provider": "provider.docker",
      "instances": [
        {
          "schema_version": 0,
          "attributes": {
            "id": "sha256:57aae2a3c8fdeb1d70b8794f94c229b937893d1bf5e6ad1d674f83b9d8b3379aghost:latest",
            "keep_locally": null,
            "latest": "sha256:57aae2a3c8fdeb1d70b8794f94c229b937893d1bf5e6ad1d674f83b9d8b3379a",
            "name": "ghost:latest",
            "pull_trigger": null,
            "pull_triggers": null
          },
          "private": "bnVsbA=="
        }
      ]
    }
  ]
}
